
Microsoft Visual Studio Solution File, Format Version 12.00
# Visual Studio 15
VisualStudioVersion = 15.0.26124.0
MinimumVisualStudioVersion = 15.0.26124.0
Project("{2150E333-8FDC-42A3-9474-1A3956D46DE8}") = "src", "src", "{C8FA5A59-10AF-4F62-BAF9-54558815DCEA}"
EndProject
Project("{FAE04EC0-301F-11D3-BF4B-00C04F79EFBC}") = "Domain", "src\Domain\Domain.csproj", "{97035D73-0CA2-409B-AC26-3A5F54706F7F}"
EndProject
Project("{FAE04EC0-301F-11D3-BF4B-00C04F79EFBC}") = "Web.Site", "src\Web.Site\Web.Site.csproj", "{9E9AEEA3-9736-4980-8D5D-F9494FDC187E}"
EndProject
Project("{FAE04EC0-301F-11D3-BF4B-00C04F79EFBC}") = "Web.Identity", "src\Web.Identity\Web.Identity.csproj", "{E4D183D2-58CB-46B5-88A2-3191E5C3D533}"
EndProject
Project("{FAE04EC0-301F-11D3-BF4B-00C04F79EFBC}") = "Web.Api", "src\Web.Api\Web.Api.csproj", "{EFD4BC95-C4CC-4C20-B565-3628F3471AE9}"
EndProject
Project("{FAE04EC0-301F-11D3-BF4B-00C04F79EFBC}") = "Data", "src\Data\Data.csproj", "{BB5C74C8-D9AD-4608-9403-479A4F570B82}"
EndProject
Project("{FAE04EC0-301F-11D3-BF4B-00C04F79EFBC}") = "Web.Admin", "src\Web.Admin\Web.Admin.csproj", "{0B69C3DF-608D-4FF2-94EE-2DA787BDFD73}"
EndProject
Project("{FAE04EC0-301F-11D3-BF4B-00C04F79EFBC}") = "Storage", "src\Storage\Storage.csproj", "{3F1E9A02-5605-419C-B229-3973B8EA4D6C}"
EndProject
Project("{FAE04EC0-301F-11D3-BF4B-00C04F79EFBC}") = "WebJob.Filters", "src\WebJob.Filters\WebJob.Filters.csproj", "{6056D28F-E237-42DF-B58C-603768BB0875}"
EndProject
Project("{FAE04EC0-301F-11D3-BF4B-00C04F79EFBC}") = "WebJob.Email", "src\WebJob.Email\WebJob.Email.csproj", "{F5923CD9-7B9E-4D91-988E-064DDE19B273}"
EndProject
Project("{FAE04EC0-301F-11D3-BF4B-00C04F79EFBC}") = "Web.WebJobs", "src\Web.WebJobs\Web.WebJobs.csproj", "{85FFC889-078B-4D33-830A-D6639C884E68}"
EndProject
Project("{FAE04EC0-301F-11D3-BF4B-00C04F79EFBC}") = "SignalR", "src\SignalR\SignalR.csproj", "{B75161A4-BEEC-4C9E-84BD-5111F4FE0E57}"
EndProject
Project("{FAE04EC0-301F-11D3-BF4B-00C04F79EFBC}") = "Web.Client", "src\Web.Client\Web.Client.csproj", "{548AA0E3-9EC7-4F59-A63D-5A3D97677DA2}"
EndProject
Global
	GlobalSection(SolutionConfigurationPlatforms) = preSolution
		Debug|Any CPU = Debug|Any CPU
		Debug|x64 = Debug|x64
		Debug|x86 = Debug|x86
		Release|Any CPU = Release|Any CPU
		Release|x64 = Release|x64
		Release|x86 = Release|x86
	EndGlobalSection
	GlobalSection(SolutionProperties) = preSolution
		HideSolutionNode = FALSE
	EndGlobalSection
	GlobalSection(ProjectConfigurationPlatforms) = postSolution
		{97035D73-0CA2-409B-AC26-3A5F54706F7F}.Debug|Any CPU.ActiveCfg = Debug|Any CPU
		{97035D73-0CA2-409B-AC26-3A5F54706F7F}.Debug|Any CPU.Build.0 = Debug|Any CPU
		{97035D73-0CA2-409B-AC26-3A5F54706F7F}.Debug|x64.ActiveCfg = Debug|Any CPU
		{97035D73-0CA2-409B-AC26-3A5F54706F7F}.Debug|x64.Build.0 = Debug|Any CPU
		{97035D73-0CA2-409B-AC26-3A5F54706F7F}.Debug|x86.ActiveCfg = Debug|Any CPU
		{97035D73-0CA2-409B-AC26-3A5F54706F7F}.Debug|x86.Build.0 = Debug|Any CPU
		{97035D73-0CA2-409B-AC26-3A5F54706F7F}.Release|Any CPU.ActiveCfg = Release|Any CPU
		{97035D73-0CA2-409B-AC26-3A5F54706F7F}.Release|Any CPU.Build.0 = Release|Any CPU
		{97035D73-0CA2-409B-AC26-3A5F54706F7F}.Release|x64.ActiveCfg = Release|Any CPU
		{97035D73-0CA2-409B-AC26-3A5F54706F7F}.Release|x64.Build.0 = Release|Any CPU
		{97035D73-0CA2-409B-AC26-3A5F54706F7F}.Release|x86.ActiveCfg = Release|Any CPU
		{97035D73-0CA2-409B-AC26-3A5F54706F7F}.Release|x86.Build.0 = Release|Any CPU
		{9E9AEEA3-9736-4980-8D5D-F9494FDC187E}.Debug|Any CPU.ActiveCfg = Debug|Any CPU
		{9E9AEEA3-9736-4980-8D5D-F9494FDC187E}.Debug|Any CPU.Build.0 = Debug|Any CPU
		{9E9AEEA3-9736-4980-8D5D-F9494FDC187E}.Debug|x64.ActiveCfg = Debug|Any CPU
		{9E9AEEA3-9736-4980-8D5D-F9494FDC187E}.Debug|x64.Build.0 = Debug|Any CPU
		{9E9AEEA3-9736-4980-8D5D-F9494FDC187E}.Debug|x86.ActiveCfg = Debug|Any CPU
		{9E9AEEA3-9736-4980-8D5D-F9494FDC187E}.Debug|x86.Build.0 = Debug|Any CPU
		{9E9AEEA3-9736-4980-8D5D-F9494FDC187E}.Release|Any CPU.ActiveCfg = Release|Any CPU
		{9E9AEEA3-9736-4980-8D5D-F9494FDC187E}.Release|Any CPU.Build.0 = Release|Any CPU
		{9E9AEEA3-9736-4980-8D5D-F9494FDC187E}.Release|x64.ActiveCfg = Release|Any CPU
		{9E9AEEA3-9736-4980-8D5D-F9494FDC187E}.Release|x64.Build.0 = Release|Any CPU
		{9E9AEEA3-9736-4980-8D5D-F9494FDC187E}.Release|x86.ActiveCfg = Release|Any CPU
		{9E9AEEA3-9736-4980-8D5D-F9494FDC187E}.Release|x86.Build.0 = Release|Any CPU
		{E4D183D2-58CB-46B5-88A2-3191E5C3D533}.Debug|Any CPU.ActiveCfg = Debug|Any CPU
		{E4D183D2-58CB-46B5-88A2-3191E5C3D533}.Debug|Any CPU.Build.0 = Debug|Any CPU
		{E4D183D2-58CB-46B5-88A2-3191E5C3D533}.Debug|x64.ActiveCfg = Debug|Any CPU
		{E4D183D2-58CB-46B5-88A2-3191E5C3D533}.Debug|x64.Build.0 = Debug|Any CPU
		{E4D183D2-58CB-46B5-88A2-3191E5C3D533}.Debug|x86.ActiveCfg = Debug|Any CPU
		{E4D183D2-58CB-46B5-88A2-3191E5C3D533}.Debug|x86.Build.0 = Debug|Any CPU
		{E4D183D2-58CB-46B5-88A2-3191E5C3D533}.Release|Any CPU.ActiveCfg = Release|Any CPU
		{E4D183D2-58CB-46B5-88A2-3191E5C3D533}.Release|Any CPU.Build.0 = Release|Any CPU
		{E4D183D2-58CB-46B5-88A2-3191E5C3D533}.Release|x64.ActiveCfg = Release|Any CPU
		{E4D183D2-58CB-46B5-88A2-3191E5C3D533}.Release|x64.Build.0 = Release|Any CPU
		{E4D183D2-58CB-46B5-88A2-3191E5C3D533}.Release|x86.ActiveCfg = Release|Any CPU
		{E4D183D2-58CB-46B5-88A2-3191E5C3D533}.Release|x86.Build.0 = Release|Any CPU
		{EFD4BC95-C4CC-4C20-B565-3628F3471AE9}.Debug|Any CPU.ActiveCfg = Debug|Any CPU
		{EFD4BC95-C4CC-4C20-B565-3628F3471AE9}.Debug|Any CPU.Build.0 = Debug|Any CPU
		{EFD4BC95-C4CC-4C20-B565-3628F3471AE9}.Debug|x64.ActiveCfg = Debug|Any CPU
		{EFD4BC95-C4CC-4C20-B565-3628F3471AE9}.Debug|x64.Build.0 = Debug|Any CPU
		{EFD4BC95-C4CC-4C20-B565-3628F3471AE9}.Debug|x86.ActiveCfg = Debug|Any CPU
		{EFD4BC95-C4CC-4C20-B565-3628F3471AE9}.Debug|x86.Build.0 = Debug|Any CPU
		{EFD4BC95-C4CC-4C20-B565-3628F3471AE9}.Release|Any CPU.ActiveCfg = Release|Any CPU
		{EFD4BC95-C4CC-4C20-B565-3628F3471AE9}.Release|Any CPU.Build.0 = Release|Any CPU
		{EFD4BC95-C4CC-4C20-B565-3628F3471AE9}.Release|x64.ActiveCfg = Release|Any CPU
		{EFD4BC95-C4CC-4C20-B565-3628F3471AE9}.Release|x64.Build.0 = Release|Any CPU
		{EFD4BC95-C4CC-4C20-B565-3628F3471AE9}.Release|x86.ActiveCfg = Release|Any CPU
		{EFD4BC95-C4CC-4C20-B565-3628F3471AE9}.Release|x86.Build.0 = Release|Any CPU
		{BB5C74C8-D9AD-4608-9403-479A4F570B82}.Debug|Any CPU.ActiveCfg = Debug|Any CPU
		{BB5C74C8-D9AD-4608-9403-479A4F570B82}.Debug|Any CPU.Build.0 = Debug|Any CPU
		{BB5C74C8-D9AD-4608-9403-479A4F570B82}.Debug|x64.ActiveCfg = Debug|Any CPU
		{BB5C74C8-D9AD-4608-9403-479A4F570B82}.Debug|x64.Build.0 = Debug|Any CPU
		{BB5C74C8-D9AD-4608-9403-479A4F570B82}.Debug|x86.ActiveCfg = Debug|Any CPU
		{BB5C74C8-D9AD-4608-9403-479A4F570B82}.Debug|x86.Build.0 = Debug|Any CPU
		{BB5C74C8-D9AD-4608-9403-479A4F570B82}.Release|Any CPU.ActiveCfg = Release|Any CPU
		{BB5C74C8-D9AD-4608-9403-479A4F570B82}.Release|Any CPU.Build.0 = Release|Any CPU
		{BB5C74C8-D9AD-4608-9403-479A4F570B82}.Release|x64.ActiveCfg = Release|Any CPU
		{BB5C74C8-D9AD-4608-9403-479A4F570B82}.Release|x64.Build.0 = Release|Any CPU
		{BB5C74C8-D9AD-4608-9403-479A4F570B82}.Release|x86.ActiveCfg = Release|Any CPU
		{BB5C74C8-D9AD-4608-9403-479A4F570B82}.Release|x86.Build.0 = Release|Any CPU
		{0B69C3DF-608D-4FF2-94EE-2DA787BDFD73}.Debug|Any CPU.ActiveCfg = Debug|Any CPU
		{0B69C3DF-608D-4FF2-94EE-2DA787BDFD73}.Debug|Any CPU.Build.0 = Debug|Any CPU
		{0B69C3DF-608D-4FF2-94EE-2DA787BDFD73}.Debug|x64.ActiveCfg = Debug|Any CPU
		{0B69C3DF-608D-4FF2-94EE-2DA787BDFD73}.Debug|x64.Build.0 = Debug|Any CPU
		{0B69C3DF-608D-4FF2-94EE-2DA787BDFD73}.Debug|x86.ActiveCfg = Debug|Any CPU
		{0B69C3DF-608D-4FF2-94EE-2DA787BDFD73}.Debug|x86.Build.0 = Debug|Any CPU
		{0B69C3DF-608D-4FF2-94EE-2DA787BDFD73}.Release|Any CPU.ActiveCfg = Release|Any CPU
		{0B69C3DF-608D-4FF2-94EE-2DA787BDFD73}.Release|Any CPU.Build.0 = Release|Any CPU
		{0B69C3DF-608D-4FF2-94EE-2DA787BDFD73}.Release|x64.ActiveCfg = Release|Any CPU
		{0B69C3DF-608D-4FF2-94EE-2DA787BDFD73}.Release|x64.Build.0 = Release|Any CPU
		{0B69C3DF-608D-4FF2-94EE-2DA787BDFD73}.Release|x86.ActiveCfg = Release|Any CPU
		{0B69C3DF-608D-4FF2-94EE-2DA787BDFD73}.Release|x86.Build.0 = Release|Any CPU
		{3F1E9A02-5605-419C-B229-3973B8EA4D6C}.Debug|Any CPU.ActiveCfg = Debug|Any CPU
		{3F1E9A02-5605-419C-B229-3973B8EA4D6C}.Debug|Any CPU.Build.0 = Debug|Any CPU
		{3F1E9A02-5605-419C-B229-3973B8EA4D6C}.Debug|x64.ActiveCfg = Debug|Any CPU
		{3F1E9A02-5605-419C-B229-3973B8EA4D6C}.Debug|x64.Build.0 = Debug|Any CPU
		{3F1E9A02-5605-419C-B229-3973B8EA4D6C}.Debug|x86.ActiveCfg = Debug|Any CPU
		{3F1E9A02-5605-419C-B229-3973B8EA4D6C}.Debug|x86.Build.0 = Debug|Any CPU
		{3F1E9A02-5605-419C-B229-3973B8EA4D6C}.Release|Any CPU.ActiveCfg = Release|Any CPU
		{3F1E9A02-5605-419C-B229-3973B8EA4D6C}.Release|Any CPU.Build.0 = Release|Any CPU
		{3F1E9A02-5605-419C-B229-3973B8EA4D6C}.Release|x64.ActiveCfg = Release|Any CPU
		{3F1E9A02-5605-419C-B229-3973B8EA4D6C}.Release|x64.Build.0 = Release|Any CPU
		{3F1E9A02-5605-419C-B229-3973B8EA4D6C}.Release|x86.ActiveCfg = Release|Any CPU
		{3F1E9A02-5605-419C-B229-3973B8EA4D6C}.Release|x86.Build.0 = Release|Any CPU
		{6056D28F-E237-42DF-B58C-603768BB0875}.Debug|Any CPU.ActiveCfg = Debug|Any CPU
		{6056D28F-E237-42DF-B58C-603768BB0875}.Debug|Any CPU.Build.0 = Debug|Any CPU
		{6056D28F-E237-42DF-B58C-603768BB0875}.Debug|x64.ActiveCfg = Debug|Any CPU
		{6056D28F-E237-42DF-B58C-603768BB0875}.Debug|x64.Build.0 = Debug|Any CPU
		{6056D28F-E237-42DF-B58C-603768BB0875}.Debug|x86.ActiveCfg = Debug|Any CPU
		{6056D28F-E237-42DF-B58C-603768BB0875}.Debug|x86.Build.0 = Debug|Any CPU
		{6056D28F-E237-42DF-B58C-603768BB0875}.Release|Any CPU.ActiveCfg = Release|Any CPU
		{6056D28F-E237-42DF-B58C-603768BB0875}.Release|Any CPU.Build.0 = Release|Any CPU
		{6056D28F-E237-42DF-B58C-603768BB0875}.Release|x64.ActiveCfg = Release|Any CPU
		{6056D28F-E237-42DF-B58C-603768BB0875}.Release|x64.Build.0 = Release|Any CPU
		{6056D28F-E237-42DF-B58C-603768BB0875}.Release|x86.ActiveCfg = Release|Any CPU
		{6056D28F-E237-42DF-B58C-603768BB0875}.Release|x86.Build.0 = Release|Any CPU
		{F5923CD9-7B9E-4D91-988E-064DDE19B273}.Debug|Any CPU.ActiveCfg = Debug|Any CPU
		{F5923CD9-7B9E-4D91-988E-064DDE19B273}.Debug|Any CPU.Build.0 = Debug|Any CPU
		{F5923CD9-7B9E-4D91-988E-064DDE19B273}.Debug|x64.ActiveCfg = Debug|Any CPU
		{F5923CD9-7B9E-4D91-988E-064DDE19B273}.Debug|x64.Build.0 = Debug|Any CPU
		{F5923CD9-7B9E-4D91-988E-064DDE19B273}.Debug|x86.ActiveCfg = Debug|Any CPU
		{F5923CD9-7B9E-4D91-988E-064DDE19B273}.Debug|x86.Build.0 = Debug|Any CPU
		{F5923CD9-7B9E-4D91-988E-064DDE19B273}.Release|Any CPU.ActiveCfg = Release|Any CPU
		{F5923CD9-7B9E-4D91-988E-064DDE19B273}.Release|Any CPU.Build.0 = Release|Any CPU
		{F5923CD9-7B9E-4D91-988E-064DDE19B273}.Release|x64.ActiveCfg = Release|Any CPU
		{F5923CD9-7B9E-4D91-988E-064DDE19B273}.Release|x64.Build.0 = Release|Any CPU
		{F5923CD9-7B9E-4D91-988E-064DDE19B273}.Release|x86.ActiveCfg = Release|Any CPU
		{F5923CD9-7B9E-4D91-988E-064DDE19B273}.Release|x86.Build.0 = Release|Any CPU
		{85FFC889-078B-4D33-830A-D6639C884E68}.Debug|Any CPU.ActiveCfg = Debug|Any CPU
		{85FFC889-078B-4D33-830A-D6639C884E68}.Debug|Any CPU.Build.0 = Debug|Any CPU
		{85FFC889-078B-4D33-830A-D6639C884E68}.Debug|x64.ActiveCfg = Debug|Any CPU
		{85FFC889-078B-4D33-830A-D6639C884E68}.Debug|x64.Build.0 = Debug|Any CPU
		{85FFC889-078B-4D33-830A-D6639C884E68}.Debug|x86.ActiveCfg = Debug|Any CPU
		{85FFC889-078B-4D33-830A-D6639C884E68}.Debug|x86.Build.0 = Debug|Any CPU
		{85FFC889-078B-4D33-830A-D6639C884E68}.Release|Any CPU.ActiveCfg = Release|Any CPU
		{85FFC889-078B-4D33-830A-D6639C884E68}.Release|Any CPU.Build.0 = Release|Any CPU
		{85FFC889-078B-4D33-830A-D6639C884E68}.Release|x64.ActiveCfg = Release|Any CPU
		{85FFC889-078B-4D33-830A-D6639C884E68}.Release|x64.Build.0 = Release|Any CPU
		{85FFC889-078B-4D33-830A-D6639C884E68}.Release|x86.ActiveCfg = Release|Any CPU
		{85FFC889-078B-4D33-830A-D6639C884E68}.Release|x86.Build.0 = Release|Any CPU
		{B75161A4-BEEC-4C9E-84BD-5111F4FE0E57}.Debug|Any CPU.ActiveCfg = Debug|Any CPU
		{B75161A4-BEEC-4C9E-84BD-5111F4FE0E57}.Debug|Any CPU.Build.0 = Debug|Any CPU
		{B75161A4-BEEC-4C9E-84BD-5111F4FE0E57}.Debug|x64.ActiveCfg = Debug|Any CPU
		{B75161A4-BEEC-4C9E-84BD-5111F4FE0E57}.Debug|x64.Build.0 = Debug|Any CPU
		{B75161A4-BEEC-4C9E-84BD-5111F4FE0E57}.Debug|x86.ActiveCfg = Debug|Any CPU
		{B75161A4-BEEC-4C9E-84BD-5111F4FE0E57}.Debug|x86.Build.0 = Debug|Any CPU
		{B75161A4-BEEC-4C9E-84BD-5111F4FE0E57}.Release|Any CPU.ActiveCfg = Release|Any CPU
		{B75161A4-BEEC-4C9E-84BD-5111F4FE0E57}.Release|Any CPU.Build.0 = Release|Any CPU
		{B75161A4-BEEC-4C9E-84BD-5111F4FE0E57}.Release|x64.ActiveCfg = Release|Any CPU
		{B75161A4-BEEC-4C9E-84BD-5111F4FE0E57}.Release|x64.Build.0 = Release|Any CPU
		{B75161A4-BEEC-4C9E-84BD-5111F4FE0E57}.Release|x86.ActiveCfg = Release|Any CPU
		{B75161A4-BEEC-4C9E-84BD-5111F4FE0E57}.Release|x86.Build.0 = Release|Any CPU
		{548AA0E3-9EC7-4F59-A63D-5A3D97677DA2}.Debug|Any CPU.ActiveCfg = Debug|Any CPU
		{548AA0E3-9EC7-4F59-A63D-5A3D97677DA2}.Debug|Any CPU.Build.0 = Debug|Any CPU
		{548AA0E3-9EC7-4F59-A63D-5A3D97677DA2}.Debug|x64.ActiveCfg = Debug|Any CPU
		{548AA0E3-9EC7-4F59-A63D-5A3D97677DA2}.Debug|x64.Build.0 = Debug|Any CPU
		{548AA0E3-9EC7-4F59-A63D-5A3D97677DA2}.Debug|x86.ActiveCfg = Debug|Any CPU
		{548AA0E3-9EC7-4F59-A63D-5A3D97677DA2}.Debug|x86.Build.0 = Debug|Any CPU
		{548AA0E3-9EC7-4F59-A63D-5A3D97677DA2}.Release|Any CPU.ActiveCfg = Release|Any CPU
		{548AA0E3-9EC7-4F59-A63D-5A3D97677DA2}.Release|Any CPU.Build.0 = Release|Any CPU
		{548AA0E3-9EC7-4F59-A63D-5A3D97677DA2}.Release|x64.ActiveCfg = Release|Any CPU
		{548AA0E3-9EC7-4F59-A63D-5A3D97677DA2}.Release|x64.Build.0 = Release|Any CPU
		{548AA0E3-9EC7-4F59-A63D-5A3D97677DA2}.Release|x86.ActiveCfg = Release|Any CPU
		{548AA0E3-9EC7-4F59-A63D-5A3D97677DA2}.Release|x86.Build.0 = Release|Any CPU
	EndGlobalSection
	GlobalSection(NestedProjects) = preSolution
		{97035D73-0CA2-409B-AC26-3A5F54706F7F} = {C8FA5A59-10AF-4F62-BAF9-54558815DCEA}
		{9E9AEEA3-9736-4980-8D5D-F9494FDC187E} = {C8FA5A59-10AF-4F62-BAF9-54558815DCEA}
		{E4D183D2-58CB-46B5-88A2-3191E5C3D533} = {C8FA5A59-10AF-4F62-BAF9-54558815DCEA}
		{EFD4BC95-C4CC-4C20-B565-3628F3471AE9} = {C8FA5A59-10AF-4F62-BAF9-54558815DCEA}
		{BB5C74C8-D9AD-4608-9403-479A4F570B82} = {C8FA5A59-10AF-4F62-BAF9-54558815DCEA}
		{0B69C3DF-608D-4FF2-94EE-2DA787BDFD73} = {C8FA5A59-10AF-4F62-BAF9-54558815DCEA}
		{3F1E9A02-5605-419C-B229-3973B8EA4D6C} = {C8FA5A59-10AF-4F62-BAF9-54558815DCEA}
		{6056D28F-E237-42DF-B58C-603768BB0875} = {C8FA5A59-10AF-4F62-BAF9-54558815DCEA}
		{F5923CD9-7B9E-4D91-988E-064DDE19B273} = {C8FA5A59-10AF-4F62-BAF9-54558815DCEA}
		{85FFC889-078B-4D33-830A-D6639C884E68} = {C8FA5A59-10AF-4F62-BAF9-54558815DCEA}
		{B75161A4-BEEC-4C9E-84BD-5111F4FE0E57} = {C8FA5A59-10AF-4F62-BAF9-54558815DCEA}
		{548AA0E3-9EC7-4F59-A63D-5A3D97677DA2} = {C8FA5A59-10AF-4F62-BAF9-54558815DCEA}
	EndGlobalSection
EndGlobal
