
Microsoft Visual Studio Solution File, Format Version 12.00
# Visual Studio 15
VisualStudioVersion = 15.0.26124.0
MinimumVisualStudioVersion = 15.0.26124.0
Project("{FAE04EC0-301F-11D3-BF4B-00C04F79EFBC}") = "web.site", "web.site\web.site.csproj", "{B214D117-425E-4D54-A17B-B95C43A098D1}"
EndProject
Project("{FAE04EC0-301F-11D3-BF4B-00C04F79EFBC}") = "di", "di\di.csproj", "{BF06F6FA-D5E0-495C-9B02-6E1A3205E202}"
EndProject
Project("{FAE04EC0-301F-11D3-BF4B-00C04F79EFBC}") = "domain", "domain\domain.csproj", "{4C6E7A0C-9160-4E8E-9427-22749693186B}"
EndProject
Project("{FAE04EC0-301F-11D3-BF4B-00C04F79EFBC}") = "data", "data\data.csproj", "{8017BD04-5145-46DA-A9C6-D67D22B36750}"
EndProject
Global
	GlobalSection(SolutionConfigurationPlatforms) = preSolution
		Debug|Any CPU = Debug|Any CPU
		Debug|x64 = Debug|x64
		Debug|x86 = Debug|x86
		Release|Any CPU = Release|Any CPU
		Release|x64 = Release|x64
		Release|x86 = Release|x86
	EndGlobalSection
	GlobalSection(SolutionProperties) = preSolution
		HideSolutionNode = FALSE
	EndGlobalSection
	GlobalSection(ProjectConfigurationPlatforms) = postSolution
		{B214D117-425E-4D54-A17B-B95C43A098D1}.Debug|Any CPU.ActiveCfg = Debug|Any CPU
		{B214D117-425E-4D54-A17B-B95C43A098D1}.Debug|Any CPU.Build.0 = Debug|Any CPU
		{B214D117-425E-4D54-A17B-B95C43A098D1}.Debug|x64.ActiveCfg = Debug|Any CPU
		{B214D117-425E-4D54-A17B-B95C43A098D1}.Debug|x64.Build.0 = Debug|Any CPU
		{B214D117-425E-4D54-A17B-B95C43A098D1}.Debug|x86.ActiveCfg = Debug|Any CPU
		{B214D117-425E-4D54-A17B-B95C43A098D1}.Debug|x86.Build.0 = Debug|Any CPU
		{B214D117-425E-4D54-A17B-B95C43A098D1}.Release|Any CPU.ActiveCfg = Release|Any CPU
		{B214D117-425E-4D54-A17B-B95C43A098D1}.Release|Any CPU.Build.0 = Release|Any CPU
		{B214D117-425E-4D54-A17B-B95C43A098D1}.Release|x64.ActiveCfg = Release|Any CPU
		{B214D117-425E-4D54-A17B-B95C43A098D1}.Release|x64.Build.0 = Release|Any CPU
		{B214D117-425E-4D54-A17B-B95C43A098D1}.Release|x86.ActiveCfg = Release|Any CPU
		{B214D117-425E-4D54-A17B-B95C43A098D1}.Release|x86.Build.0 = Release|Any CPU
		{BF06F6FA-D5E0-495C-9B02-6E1A3205E202}.Debug|Any CPU.ActiveCfg = Debug|Any CPU
		{BF06F6FA-D5E0-495C-9B02-6E1A3205E202}.Debug|Any CPU.Build.0 = Debug|Any CPU
		{BF06F6FA-D5E0-495C-9B02-6E1A3205E202}.Debug|x64.ActiveCfg = Debug|Any CPU
		{BF06F6FA-D5E0-495C-9B02-6E1A3205E202}.Debug|x64.Build.0 = Debug|Any CPU
		{BF06F6FA-D5E0-495C-9B02-6E1A3205E202}.Debug|x86.ActiveCfg = Debug|Any CPU
		{BF06F6FA-D5E0-495C-9B02-6E1A3205E202}.Debug|x86.Build.0 = Debug|Any CPU
		{BF06F6FA-D5E0-495C-9B02-6E1A3205E202}.Release|Any CPU.ActiveCfg = Release|Any CPU
		{BF06F6FA-D5E0-495C-9B02-6E1A3205E202}.Release|Any CPU.Build.0 = Release|Any CPU
		{BF06F6FA-D5E0-495C-9B02-6E1A3205E202}.Release|x64.ActiveCfg = Release|Any CPU
		{BF06F6FA-D5E0-495C-9B02-6E1A3205E202}.Release|x64.Build.0 = Release|Any CPU
		{BF06F6FA-D5E0-495C-9B02-6E1A3205E202}.Release|x86.ActiveCfg = Release|Any CPU
		{BF06F6FA-D5E0-495C-9B02-6E1A3205E202}.Release|x86.Build.0 = Release|Any CPU
		{4C6E7A0C-9160-4E8E-9427-22749693186B}.Debug|Any CPU.ActiveCfg = Debug|Any CPU
		{4C6E7A0C-9160-4E8E-9427-22749693186B}.Debug|Any CPU.Build.0 = Debug|Any CPU
		{4C6E7A0C-9160-4E8E-9427-22749693186B}.Debug|x64.ActiveCfg = Debug|Any CPU
		{4C6E7A0C-9160-4E8E-9427-22749693186B}.Debug|x64.Build.0 = Debug|Any CPU
		{4C6E7A0C-9160-4E8E-9427-22749693186B}.Debug|x86.ActiveCfg = Debug|Any CPU
		{4C6E7A0C-9160-4E8E-9427-22749693186B}.Debug|x86.Build.0 = Debug|Any CPU
		{4C6E7A0C-9160-4E8E-9427-22749693186B}.Release|Any CPU.ActiveCfg = Release|Any CPU
		{4C6E7A0C-9160-4E8E-9427-22749693186B}.Release|Any CPU.Build.0 = Release|Any CPU
		{4C6E7A0C-9160-4E8E-9427-22749693186B}.Release|x64.ActiveCfg = Release|Any CPU
		{4C6E7A0C-9160-4E8E-9427-22749693186B}.Release|x64.Build.0 = Release|Any CPU
		{4C6E7A0C-9160-4E8E-9427-22749693186B}.Release|x86.ActiveCfg = Release|Any CPU
		{4C6E7A0C-9160-4E8E-9427-22749693186B}.Release|x86.Build.0 = Release|Any CPU
		{8017BD04-5145-46DA-A9C6-D67D22B36750}.Debug|Any CPU.ActiveCfg = Debug|Any CPU
		{8017BD04-5145-46DA-A9C6-D67D22B36750}.Debug|Any CPU.Build.0 = Debug|Any CPU
		{8017BD04-5145-46DA-A9C6-D67D22B36750}.Debug|x64.ActiveCfg = Debug|Any CPU
		{8017BD04-5145-46DA-A9C6-D67D22B36750}.Debug|x64.Build.0 = Debug|Any CPU
		{8017BD04-5145-46DA-A9C6-D67D22B36750}.Debug|x86.ActiveCfg = Debug|Any CPU
		{8017BD04-5145-46DA-A9C6-D67D22B36750}.Debug|x86.Build.0 = Debug|Any CPU
		{8017BD04-5145-46DA-A9C6-D67D22B36750}.Release|Any CPU.ActiveCfg = Release|Any CPU
		{8017BD04-5145-46DA-A9C6-D67D22B36750}.Release|Any CPU.Build.0 = Release|Any CPU
		{8017BD04-5145-46DA-A9C6-D67D22B36750}.Release|x64.ActiveCfg = Release|Any CPU
		{8017BD04-5145-46DA-A9C6-D67D22B36750}.Release|x64.Build.0 = Release|Any CPU
		{8017BD04-5145-46DA-A9C6-D67D22B36750}.Release|x86.ActiveCfg = Release|Any CPU
		{8017BD04-5145-46DA-A9C6-D67D22B36750}.Release|x86.Build.0 = Release|Any CPU
	EndGlobalSection
EndGlobal
